
Microsoft Visual Studio Solution File, Format Version 12.00
# Visual Studio Version 17
VisualStudioVersion = 17.4.33403.182
MinimumVisualStudioVersion = 10.0.40219.1
Project("{FAE04EC0-301F-11D3-BF4B-00C04F79EFBC}") = "PROJETO CONTA BANCARIA", "PROJETO CONTA BANCARIA\PROJETO CONTA BANCARIA.csproj", "{9B6C3396-890D-4959-B839-3D9D601F06B9}"
EndProject
Global
	GlobalSection(SolutionConfigurationPlatforms) = preSolution
		Debug|Any CPU = Debug|Any CPU
		Release|Any CPU = Release|Any CPU
	EndGlobalSection
	GlobalSection(ProjectConfigurationPlatforms) = postSolution
		{9B6C3396-890D-4959-B839-3D9D601F06B9}.Debug|Any CPU.ActiveCfg = Debug|Any CPU
		{9B6C3396-890D-4959-B839-3D9D601F06B9}.Debug|Any CPU.Build.0 = Debug|Any CPU
		{9B6C3396-890D-4959-B839-3D9D601F06B9}.Release|Any CPU.ActiveCfg = Release|Any CPU
		{9B6C3396-890D-4959-B839-3D9D601F06B9}.Release|Any CPU.Build.0 = Release|Any CPU
	EndGlobalSection
	GlobalSection(SolutionProperties) = preSolution
		HideSolutionNode = FALSE
	EndGlobalSection
	GlobalSection(ExtensibilityGlobals) = postSolution
		SolutionGuid = {C3256FB4-B68B-4168-A8E0-85C380674692}
	EndGlobalSection
EndGlobal
